
Microsoft Visual Studio Solution File, Format Version 12.00
# Visual Studio Version 17
VisualStudioVersion = 17.9.34902.65
MinimumVisualStudioVersion = 10.0.40219.1
Project("{9A19103F-16F7-4668-BE54-9A1E7A4F7556}") = "FaceRecognitionMVC", "FaceRecognitionMVC\FaceRecognitionMVC.csproj", "{358215E8-C1FB-4D7A-901F-C3B5B9C83F27}"
EndProject
Project("{9A19103F-16F7-4668-BE54-9A1E7A4F7556}") = "FaceRecognitionConsumer", "FaceRecognitionConsumer\FaceRecognitionConsumer.csproj", "{FB5160F4-1BDE-4DC8-8545-DACC1406585A}"
EndProject
Project("{FAE04EC0-301F-11D3-BF4B-00C04F79EFBC}") = "FaceRecognition.Shared", "FaceRecognition.Shared\FaceRecognition.Shared.csproj", "{2F361C6B-2E4D-470E-9AE2-ADB5E57C99EC}"
EndProject
Global
	GlobalSection(SolutionConfigurationPlatforms) = preSolution
		Debug|Any CPU = Debug|Any CPU
		Release|Any CPU = Release|Any CPU
	EndGlobalSection
	GlobalSection(ProjectConfigurationPlatforms) = postSolution
		{358215E8-C1FB-4D7A-901F-C3B5B9C83F27}.Debug|Any CPU.ActiveCfg = Debug|Any CPU
		{358215E8-C1FB-4D7A-901F-C3B5B9C83F27}.Debug|Any CPU.Build.0 = Debug|Any CPU
		{358215E8-C1FB-4D7A-901F-C3B5B9C83F27}.Release|Any CPU.ActiveCfg = Release|Any CPU
		{358215E8-C1FB-4D7A-901F-C3B5B9C83F27}.Release|Any CPU.Build.0 = Release|Any CPU
		{FB5160F4-1BDE-4DC8-8545-DACC1406585A}.Debug|Any CPU.ActiveCfg = Debug|Any CPU
		{FB5160F4-1BDE-4DC8-8545-DACC1406585A}.Debug|Any CPU.Build.0 = Debug|Any CPU
		{FB5160F4-1BDE-4DC8-8545-DACC1406585A}.Release|Any CPU.ActiveCfg = Release|Any CPU
		{FB5160F4-1BDE-4DC8-8545-DACC1406585A}.Release|Any CPU.Build.0 = Release|Any CPU
		{2F361C6B-2E4D-470E-9AE2-ADB5E57C99EC}.Debug|Any CPU.ActiveCfg = Debug|Any CPU
		{2F361C6B-2E4D-470E-9AE2-ADB5E57C99EC}.Debug|Any CPU.Build.0 = Debug|Any CPU
		{2F361C6B-2E4D-470E-9AE2-ADB5E57C99EC}.Release|Any CPU.ActiveCfg = Release|Any CPU
		{2F361C6B-2E4D-470E-9AE2-ADB5E57C99EC}.Release|Any CPU.Build.0 = Release|Any CPU
	EndGlobalSection
	GlobalSection(SolutionProperties) = preSolution
		HideSolutionNode = FALSE
	EndGlobalSection
	GlobalSection(ExtensibilityGlobals) = postSolution
		SolutionGuid = {D2960E78-AEB9-41BF-8BF5-9B38C18B3A4B}
	EndGlobalSection
EndGlobal
